
Microsoft Visual Studio Solution File, Format Version 12.00
# Visual Studio Version 16
VisualStudioVersion = 16.0.30907.101
MinimumVisualStudioVersion = 10.0.40219.1
Project("{FAE04EC0-301F-11D3-BF4B-00C04F79EFBC}") = "OOP2", "OOP2\OOP2.csproj", "{A871361D-8185-4C65-9B40-59795831DD90}"
EndProject
Project("{FAE04EC0-301F-11D3-BF4B-00C04F79EFBC}") = "OOP3", "OOP3\OOP3.csproj", "{5D894672-2281-4779-877D-002355909214}"
EndProject
Global
	GlobalSection(SolutionConfigurationPlatforms) = preSolution
		Debug|Any CPU = Debug|Any CPU
		Release|Any CPU = Release|Any CPU
	EndGlobalSection
	GlobalSection(ProjectConfigurationPlatforms) = postSolution
		{A871361D-8185-4C65-9B40-59795831DD90}.Debug|Any CPU.ActiveCfg = Debug|Any CPU
		{A871361D-8185-4C65-9B40-59795831DD90}.Debug|Any CPU.Build.0 = Debug|Any CPU
		{A871361D-8185-4C65-9B40-59795831DD90}.Release|Any CPU.ActiveCfg = Release|Any CPU
		{A871361D-8185-4C65-9B40-59795831DD90}.Release|Any CPU.Build.0 = Release|Any CPU
		{5D894672-2281-4779-877D-002355909214}.Debug|Any CPU.ActiveCfg = Debug|Any CPU
		{5D894672-2281-4779-877D-002355909214}.Debug|Any CPU.Build.0 = Debug|Any CPU
		{5D894672-2281-4779-877D-002355909214}.Release|Any CPU.ActiveCfg = Release|Any CPU
		{5D894672-2281-4779-877D-002355909214}.Release|Any CPU.Build.0 = Release|Any CPU
	EndGlobalSection
	GlobalSection(SolutionProperties) = preSolution
		HideSolutionNode = FALSE
	EndGlobalSection
	GlobalSection(ExtensibilityGlobals) = postSolution
		SolutionGuid = {5EDCAF19-8D5C-43CC-A1D3-04A8E0B543D3}
	EndGlobalSection
EndGlobal
